{
  "name": "tests",
  "version": "0.0.1",
  "lockfileVersion": 1,
  "requires": true,
  "dependencies": {
    "unity-n-bind": {
      "version": "github:shadowmint/unity-n-bind#9c7fe82abb2778715932d5f2bb68a4417fbfc2b7",
      "from": "github:shadowmint/unity-n-bind#1.1.1"
    },
    "unity-n-command": {
      "version": "file:..",
      "requires": {
        "unity-n-bind": "github:shadowmint/unity-n-bind#9c7fe82abb2778715932d5f2bb68a4417fbfc2b7",
        "unity-n-promises": "github:shadowmint/unity-n-promises#70c61bc68b44c861b47e38c56fdf676e645aab82"
      }
    },
    "unity-n-promises": {
      "version": "github:shadowmint/unity-n-promises#70c61bc68b44c861b47e38c56fdf676e645aab82",
      "from": "github:shadowmint/unity-n-promises#1.1.4"
    },
    "unity-n-tests": {
      "version": "github:shadowmint/unity-n-tests#18d9fb270db2ab6cb348c422b8d917dad367deb4",
      "from": "github:shadowmint/unity-n-tests"
    }
  }
}
