{
  "name": "tests",
  "version": "0.0.1",
  "lockfileVersion": 1,
  "requires": true,
  "dependencies": {
    "unity-n-bind": {
      "version": "github:shadowmint/unity-n-bind#9c7fe82abb2778715932d5f2bb68a4417fbfc2b7"
    },
    "unity-n-command": {
      "version": "file:..",
      "requires": {
        "unity-n-bind": "github:shadowmint/unity-n-bind#9c7fe82abb2778715932d5f2bb68a4417fbfc2b7",
        "unity-n-events": "github:shadowmint/unity-n-events#df4e0bd024d0d769d5494ff76bc58b43815814b6",
        "unity-n-promises": "github:shadowmint/unity-n-promises#6eef6fdee63a806121392f76de651ef6d94d3787"
      }
    },
    "unity-n-events": {
      "version": "github:shadowmint/unity-n-events#df4e0bd024d0d769d5494ff76bc58b43815814b6"
    },
    "unity-n-promises": {
      "version": "github:shadowmint/unity-n-promises#6eef6fdee63a806121392f76de651ef6d94d3787"
    },
    "unity-n-tests": {
      "version": "github:shadowmint/unity-n-tests#18d9fb270db2ab6cb348c422b8d917dad367deb4"
    }
  }
}
